
Microsoft Visual Studio Solution File, Format Version 12.00
# Visual Studio Version 16
VisualStudioVersion = 16.0.31105.61
MinimumVisualStudioVersion = 10.0.40219.1
Project("{FAE04EC0-301F-11D3-BF4B-00C04F79EFBC}") = "PrimeFactors", "PrimeFactorsKata1\PrimeFactors.csproj", "{AE771C9F-3E27-488B-A4CF-ED829446EEEC}"
EndProject
Project("{FAE04EC0-301F-11D3-BF4B-00C04F79EFBC}") = "BinarySearchKata1", "BinarySearchKata1\BinarySearchKata1.csproj", "{700CF20F-9C8D-48E4-A6FE-264EA4B3FC47}"
EndProject
Project("{FAE04EC0-301F-11D3-BF4B-00C04F79EFBC}") = "Stack", "Algorithms\Stack.csproj", "{4408B2EC-1B46-4107-91DC-F084C2BA9600}"
EndProject
Project("{FAE04EC0-301F-11D3-BF4B-00C04F79EFBC}") = "BigNumber", "BigNumber\BigNumber.csproj", "{CAD0BC60-7B6A-4D24-8B85-E9FBB05E1EBE}"
EndProject
Project("{FAE04EC0-301F-11D3-BF4B-00C04F79EFBC}") = "FindNSmallest", "FindNSmallest\FindNSmallest.csproj", "{1E1F59D0-9B00-468E-B737-38F5BC6270C8}"
EndProject
Project("{FAE04EC0-301F-11D3-BF4B-00C04F79EFBC}") = "ThreeSumEstimate", "ThreeSumEstimate\ThreeSumEstimate.csproj", "{79575B90-B23D-4E37-B2C3-737963B2C375}"
EndProject
Project("{FAE04EC0-301F-11D3-BF4B-00C04F79EFBC}") = "Sort", "Sort\Sort.csproj", "{47C169E2-CB63-44BE-BC33-127F798D8F8B}"
EndProject
Project("{FAE04EC0-301F-11D3-BF4B-00C04F79EFBC}") = "ProbablisticCounting", "ProbCount\ProbCount\ProbablisticCounting.csproj", "{6BC4FFAF-DDA4-492D-BDBB-3E51B7B46BAF}"
EndProject
Project("{FAE04EC0-301F-11D3-BF4B-00C04F79EFBC}") = "VariousAlgorithms", "VariousAlgorithms\VariousAlgorithms.csproj", "{1BB8CB7A-6CA7-43D6-9480-F9A6F8A77B44}"
EndProject
Global
	GlobalSection(SolutionConfigurationPlatforms) = preSolution
		Debug|Any CPU = Debug|Any CPU
		Release|Any CPU = Release|Any CPU
	EndGlobalSection
	GlobalSection(ProjectConfigurationPlatforms) = postSolution
		{AE771C9F-3E27-488B-A4CF-ED829446EEEC}.Debug|Any CPU.ActiveCfg = Debug|Any CPU
		{AE771C9F-3E27-488B-A4CF-ED829446EEEC}.Debug|Any CPU.Build.0 = Debug|Any CPU
		{AE771C9F-3E27-488B-A4CF-ED829446EEEC}.Release|Any CPU.ActiveCfg = Release|Any CPU
		{AE771C9F-3E27-488B-A4CF-ED829446EEEC}.Release|Any CPU.Build.0 = Release|Any CPU
		{700CF20F-9C8D-48E4-A6FE-264EA4B3FC47}.Debug|Any CPU.ActiveCfg = Debug|Any CPU
		{700CF20F-9C8D-48E4-A6FE-264EA4B3FC47}.Debug|Any CPU.Build.0 = Debug|Any CPU
		{700CF20F-9C8D-48E4-A6FE-264EA4B3FC47}.Release|Any CPU.ActiveCfg = Release|Any CPU
		{700CF20F-9C8D-48E4-A6FE-264EA4B3FC47}.Release|Any CPU.Build.0 = Release|Any CPU
		{4408B2EC-1B46-4107-91DC-F084C2BA9600}.Debug|Any CPU.ActiveCfg = Debug|Any CPU
		{4408B2EC-1B46-4107-91DC-F084C2BA9600}.Debug|Any CPU.Build.0 = Debug|Any CPU
		{4408B2EC-1B46-4107-91DC-F084C2BA9600}.Release|Any CPU.ActiveCfg = Release|Any CPU
		{4408B2EC-1B46-4107-91DC-F084C2BA9600}.Release|Any CPU.Build.0 = Release|Any CPU
		{CAD0BC60-7B6A-4D24-8B85-E9FBB05E1EBE}.Debug|Any CPU.ActiveCfg = Debug|Any CPU
		{CAD0BC60-7B6A-4D24-8B85-E9FBB05E1EBE}.Debug|Any CPU.Build.0 = Debug|Any CPU
		{CAD0BC60-7B6A-4D24-8B85-E9FBB05E1EBE}.Release|Any CPU.ActiveCfg = Release|Any CPU
		{CAD0BC60-7B6A-4D24-8B85-E9FBB05E1EBE}.Release|Any CPU.Build.0 = Release|Any CPU
		{1E1F59D0-9B00-468E-B737-38F5BC6270C8}.Debug|Any CPU.ActiveCfg = Debug|Any CPU
		{1E1F59D0-9B00-468E-B737-38F5BC6270C8}.Debug|Any CPU.Build.0 = Debug|Any CPU
		{1E1F59D0-9B00-468E-B737-38F5BC6270C8}.Release|Any CPU.ActiveCfg = Release|Any CPU
		{1E1F59D0-9B00-468E-B737-38F5BC6270C8}.Release|Any CPU.Build.0 = Release|Any CPU
		{79575B90-B23D-4E37-B2C3-737963B2C375}.Debug|Any CPU.ActiveCfg = Debug|Any CPU
		{79575B90-B23D-4E37-B2C3-737963B2C375}.Debug|Any CPU.Build.0 = Debug|Any CPU
		{79575B90-B23D-4E37-B2C3-737963B2C375}.Release|Any CPU.ActiveCfg = Release|Any CPU
		{79575B90-B23D-4E37-B2C3-737963B2C375}.Release|Any CPU.Build.0 = Release|Any CPU
		{47C169E2-CB63-44BE-BC33-127F798D8F8B}.Debug|Any CPU.ActiveCfg = Debug|Any CPU
		{47C169E2-CB63-44BE-BC33-127F798D8F8B}.Debug|Any CPU.Build.0 = Debug|Any CPU
		{47C169E2-CB63-44BE-BC33-127F798D8F8B}.Release|Any CPU.ActiveCfg = Release|Any CPU
		{47C169E2-CB63-44BE-BC33-127F798D8F8B}.Release|Any CPU.Build.0 = Release|Any CPU
		{6BC4FFAF-DDA4-492D-BDBB-3E51B7B46BAF}.Debug|Any CPU.ActiveCfg = Debug|Any CPU
		{6BC4FFAF-DDA4-492D-BDBB-3E51B7B46BAF}.Debug|Any CPU.Build.0 = Debug|Any CPU
		{6BC4FFAF-DDA4-492D-BDBB-3E51B7B46BAF}.Release|Any CPU.ActiveCfg = Release|Any CPU
		{6BC4FFAF-DDA4-492D-BDBB-3E51B7B46BAF}.Release|Any CPU.Build.0 = Release|Any CPU
		{1BB8CB7A-6CA7-43D6-9480-F9A6F8A77B44}.Debug|Any CPU.ActiveCfg = Debug|Any CPU
		{1BB8CB7A-6CA7-43D6-9480-F9A6F8A77B44}.Debug|Any CPU.Build.0 = Debug|Any CPU
		{1BB8CB7A-6CA7-43D6-9480-F9A6F8A77B44}.Release|Any CPU.ActiveCfg = Release|Any CPU
		{1BB8CB7A-6CA7-43D6-9480-F9A6F8A77B44}.Release|Any CPU.Build.0 = Release|Any CPU
	EndGlobalSection
	GlobalSection(SolutionProperties) = preSolution
		HideSolutionNode = FALSE
	EndGlobalSection
	GlobalSection(ExtensibilityGlobals) = postSolution
		SolutionGuid = {E52A5B63-107F-4B55-916C-3105CFA2C26A}
	EndGlobalSection
EndGlobal
